
Microsoft Visual Studio Solution File, Format Version 12.00
# Visual Studio Version 17
VisualStudioVersion = 17.14.36915.13 d17.14
MinimumVisualStudioVersion = 10.0.40219.1
Project("{FAE04EC0-301F-11D3-BF4B-00C04F79EFBC}") = "RMB Coaching", "RMB Coaching\RMB Coaching.csproj", "{96B0DCA9-4DAB-4EF8-96FC-3747FD4A45E6}"
EndProject
Global
	GlobalSection(SolutionConfigurationPlatforms) = preSolution
		Debug|Any CPU = Debug|Any CPU
		Release|Any CPU = Release|Any CPU
	EndGlobalSection
	GlobalSection(ProjectConfigurationPlatforms) = postSolution
		{96B0DCA9-4DAB-4EF8-96FC-3747FD4A45E6}.Debug|Any CPU.ActiveCfg = Debug|Any CPU
		{96B0DCA9-4DAB-4EF8-96FC-3747FD4A45E6}.Debug|Any CPU.Build.0 = Debug|Any CPU
		{96B0DCA9-4DAB-4EF8-96FC-3747FD4A45E6}.Release|Any CPU.ActiveCfg = Release|Any CPU
		{96B0DCA9-4DAB-4EF8-96FC-3747FD4A45E6}.Release|Any CPU.Build.0 = Release|Any CPU
	EndGlobalSection
	GlobalSection(SolutionProperties) = preSolution
		HideSolutionNode = FALSE
	EndGlobalSection
	GlobalSection(ExtensibilityGlobals) = postSolution
		SolutionGuid = {2F297340-94FE-4DB4-95F8-214E9B3E7CA9}
	EndGlobalSection
EndGlobal
